
Microsoft Visual Studio Solution File, Format Version 12.00
# Visual Studio Version 16
VisualStudioVersion = 16.0.29920.165
MinimumVisualStudioVersion = 10.0.40219.1
Project("{FAE04EC0-301F-11D3-BF4B-00C04F79EFBC}") = "task4", "task4\task4.csproj", "{4F208034-71A1-455D-8635-2F68203F34A2}"
EndProject
Global
	GlobalSection(SolutionConfigurationPlatforms) = preSolution
		Debug|Any CPU = Debug|Any CPU
		Release|Any CPU = Release|Any CPU
	EndGlobalSection
	GlobalSection(ProjectConfigurationPlatforms) = postSolution
		{4F208034-71A1-455D-8635-2F68203F34A2}.Debug|Any CPU.ActiveCfg = Debug|Any CPU
		{4F208034-71A1-455D-8635-2F68203F34A2}.Debug|Any CPU.Build.0 = Debug|Any CPU
		{4F208034-71A1-455D-8635-2F68203F34A2}.Release|Any CPU.ActiveCfg = Release|Any CPU
		{4F208034-71A1-455D-8635-2F68203F34A2}.Release|Any CPU.Build.0 = Release|Any CPU
	EndGlobalSection
	GlobalSection(SolutionProperties) = preSolution
		HideSolutionNode = FALSE
	EndGlobalSection
	GlobalSection(ExtensibilityGlobals) = postSolution
		SolutionGuid = {5210F761-7449-4E16-BB01-4E688FEF9545}
	EndGlobalSection
EndGlobal
